// !$*UTF8*$!
{
	archiveVersion = 1;
	classes = {
	};
	objectVersion = 50;
	objects = {

/* Begin PBXBuildFile section */
		181882FF221D90140010E840 /* CustomUI.swift in Sources */ = {isa = PBXBuildFile; fileRef = 181882FE221D90140010E840 /* CustomUI.swift */; };
		1863C7DF21E8A3B5001CD603 /* Channelize.framework in Frameworks */ = {isa = PBXBuildFile; fileRef = 1863C7DE21E8A3B5001CD603 /* Channelize.framework */; };
		1863C7E021E8A3B5001CD603 /* Channelize.framework in Embed Frameworks */ = {isa = PBXBuildFile; fileRef = 1863C7DE21E8A3B5001CD603 /* Channelize.framework */; settings = {ATTRIBUTES = (CodeSignOnCopy, RemoveHeadersOnCopy, ); }; };
		18CFDC5921F3010900A0C859 /* Channelize_API.framework in Frameworks */ = {isa = PBXBuildFile; fileRef = 18CFDC5821F3010900A0C859 /* Channelize_API.framework */; };
		18CFDC5A21F3010900A0C859 /* Channelize_API.framework in Embed Frameworks */ = {isa = PBXBuildFile; fileRef = 18CFDC5821F3010900A0C859 /* Channelize_API.framework */; settings = {ATTRIBUTES = (CodeSignOnCopy, RemoveHeadersOnCopy, ); }; };
		37920E0711FE358EF6917E2E /* Pods_Demo.framework in Frameworks */ = {isa = PBXBuildFile; fileRef = BB03E9541AC2D7B9792B9611 /* Pods_Demo.framework */; };
		EB1C400C217758BA0068959E /* Channelize-Info-demo.plist in Resources */ = {isa = PBXBuildFile; fileRef = EB1C4006217758B90068959E /* Channelize-Info-demo.plist */; };
		EB1C400E217758BA0068959E /* AppStyle.swift in Sources */ = {isa = PBXBuildFile; fileRef = EB1C4008217758B90068959E /* AppStyle.swift */; };
		EB1C400F217758BA0068959E /* CHLocalizable.strings in Resources */ = {isa = PBXBuildFile; fileRef = EB1C4009217758B90068959E /* CHLocalizable.strings */; };
		EB1C4011217758BA0068959E /* Channelize-Info.plist in Resources */ = {isa = PBXBuildFile; fileRef = EB1C400B217758BA0068959E /* Channelize-Info.plist */; };
		EB1C4013217830D00068959E /* Main.storyboard in Resources */ = {isa = PBXBuildFile; fileRef = EB1C4012217830D00068959E /* Main.storyboard */; };
		EB1C4027217865510068959E /* AMInputView.swift in Sources */ = {isa = PBXBuildFile; fileRef = EB1C4025217865510068959E /* AMInputView.swift */; };
		EB1C4028217865510068959E /* AMInputView.xib in Resources */ = {isa = PBXBuildFile; fileRef = EB1C4026217865510068959E /* AMInputView.xib */; };
		EB1C402A217868DC0068959E /* ViewController.swift in Sources */ = {isa = PBXBuildFile; fileRef = EB1C4029217868DC0068959E /* ViewController.swift */; };
		EB1C402C2178691C0068959E /* Images.xcassets in Resources */ = {isa = PBXBuildFile; fileRef = EB1C402B2178691C0068959E /* Images.xcassets */; };
		EBAF34302177486A00C6F3B9 /* AppDelegate.swift in Sources */ = {isa = PBXBuildFile; fileRef = EBAF342F2177486A00C6F3B9 /* AppDelegate.swift */; };
		EBAF34372177487600C6F3B9 /* Assets.xcassets in Resources */ = {isa = PBXBuildFile; fileRef = EBAF34362177487600C6F3B9 /* Assets.xcassets */; };
		EBAF343A2177487600C6F3B9 /* LaunchScreen.storyboard in Resources */ = {isa = PBXBuildFile; fileRef = EBAF34382177487600C6F3B9 /* LaunchScreen.storyboard */; };
/* End PBXBuildFile section */

/* Begin PBXCopyFilesBuildPhase section */
		1863C7E121E8A3B5001CD603 /* Embed Frameworks */ = {
			isa = PBXCopyFilesBuildPhase;
			buildActionMask = 2147483647;
			dstPath = "";
			dstSubfolderSpec = 10;
			files = (
				18CFDC5A21F3010900A0C859 /* Channelize_API.framework in Embed Frameworks */,
				1863C7E021E8A3B5001CD603 /* Channelize.framework in Embed Frameworks */,
			);
			name = "Embed Frameworks";
			runOnlyForDeploymentPostprocessing = 0;
		};
/* End PBXCopyFilesBuildPhase section */

/* Begin PBXFileReference section */
		0E491EB1524B8B9B67642126 /* Pods-Demo.release.xcconfig */ = {isa = PBXFileReference; includeInIndex = 1; lastKnownFileType = text.xcconfig; name = "Pods-Demo.release.xcconfig"; path = "../Pods/Target Support Files/Pods-Demo/Pods-Demo.release.xcconfig"; sourceTree = "<group>"; };
		181882FE221D90140010E840 /* CustomUI.swift */ = {isa = PBXFileReference; lastKnownFileType = sourcecode.swift; path = CustomUI.swift; sourceTree = "<group>"; };
		1863C7DE21E8A3B5001CD603 /* Channelize.framework */ = {isa = PBXFileReference; explicitFileType = wrapper.framework; path = Channelize.framework; sourceTree = BUILT_PRODUCTS_DIR; };
		18CFDC5821F3010900A0C859 /* Channelize_API.framework */ = {isa = PBXFileReference; explicitFileType = wrapper.framework; path = Channelize_API.framework; sourceTree = BUILT_PRODUCTS_DIR; };
		AE5B28D04F7F7EA36AD85457 /* Pods-Demo.debug.xcconfig */ = {isa = PBXFileReference; includeInIndex = 1; lastKnownFileType = text.xcconfig; name = "Pods-Demo.debug.xcconfig"; path = "../Pods/Target Support Files/Pods-Demo/Pods-Demo.debug.xcconfig"; sourceTree = "<group>"; };
		BB03E9541AC2D7B9792B9611 /* Pods_Demo.framework */ = {isa = PBXFileReference; explicitFileType = wrapper.framework; includeInIndex = 0; path = Pods_Demo.framework; sourceTree = BUILT_PRODUCTS_DIR; };
		EB1C4006217758B90068959E /* Channelize-Info-demo.plist */ = {isa = PBXFileReference; fileEncoding = 4; lastKnownFileType = text.plist.xml; path = "Channelize-Info-demo.plist"; sourceTree = "<group>"; };
		EB1C4008217758B90068959E /* AppStyle.swift */ = {isa = PBXFileReference; fileEncoding = 4; lastKnownFileType = sourcecode.swift; path = AppStyle.swift; sourceTree = "<group>"; };
		EB1C4009217758B90068959E /* CHLocalizable.strings */ = {isa = PBXFileReference; fileEncoding = 4; lastKnownFileType = text.plist.strings; path = CHLocalizable.strings; sourceTree = "<group>"; };
		EB1C400B217758BA0068959E /* Channelize-Info.plist */ = {isa = PBXFileReference; fileEncoding = 4; lastKnownFileType = text.plist.xml; path = "Channelize-Info.plist"; sourceTree = "<group>"; };
		EB1C4012217830D00068959E /* Main.storyboard */ = {isa = PBXFileReference; fileEncoding = 4; lastKnownFileType = file.storyboard; path = Main.storyboard; sourceTree = "<group>"; };
		EB1C4025217865510068959E /* AMInputView.swift */ = {isa = PBXFileReference; fileEncoding = 4; lastKnownFileType = sourcecode.swift; path = AMInputView.swift; sourceTree = "<group>"; };
		EB1C4026217865510068959E /* AMInputView.xib */ = {isa = PBXFileReference; fileEncoding = 4; lastKnownFileType = file.xib; path = AMInputView.xib; sourceTree = "<group>"; };
		EB1C4029217868DC0068959E /* ViewController.swift */ = {isa = PBXFileReference; fileEncoding = 4; lastKnownFileType = sourcecode.swift; path = ViewController.swift; sourceTree = "<group>"; };
		EB1C402B2178691C0068959E /* Images.xcassets */ = {isa = PBXFileReference; lastKnownFileType = folder.assetcatalog; path = Images.xcassets; sourceTree = "<group>"; };
		EB1C402E21787F550068959E /* Demo.entitlements */ = {isa = PBXFileReference; lastKnownFileType = text.plist.entitlements; path = Demo.entitlements; sourceTree = "<group>"; };
		EBAF342C2177486A00C6F3B9 /* Demo.app */ = {isa = PBXFileReference; explicitFileType = wrapper.application; includeInIndex = 0; path = Demo.app; sourceTree = BUILT_PRODUCTS_DIR; };
		EBAF342F2177486A00C6F3B9 /* AppDelegate.swift */ = {isa = PBXFileReference; lastKnownFileType = sourcecode.swift; path = AppDelegate.swift; sourceTree = "<group>"; };
		EBAF34362177487600C6F3B9 /* Assets.xcassets */ = {isa = PBXFileReference; lastKnownFileType = folder.assetcatalog; path = Assets.xcassets; sourceTree = "<group>"; };
		EBAF34392177487600C6F3B9 /* Base */ = {isa = PBXFileReference; lastKnownFileType = file.storyboard; name = Base; path = Base.lproj/LaunchScreen.storyboard; sourceTree = "<group>"; };
		EBAF343B2177487600C6F3B9 /* Info.plist */ = {isa = PBXFileReference; lastKnownFileType = text.plist.xml; path = Info.plist; sourceTree = "<group>"; };
/* End PBXFileReference section */

/* Begin PBXFrameworksBuildPhase section */
		EBAF34292177486A00C6F3B9 /* Frameworks */ = {
			isa = PBXFrameworksBuildPhase;
			buildActionMask = 2147483647;
			files = (
				18CFDC5921F3010900A0C859 /* Channelize_API.framework in Frameworks */,
				37920E0711FE358EF6917E2E /* Pods_Demo.framework in Frameworks */,
				1863C7DF21E8A3B5001CD603 /* Channelize.framework in Frameworks */,
			);
			runOnlyForDeploymentPostprocessing = 0;
		};
/* End PBXFrameworksBuildPhase section */

/* Begin PBXGroup section */
		BB5694D8D89353ABE4A0C40A /* Pods */ = {
			isa = PBXGroup;
			children = (
				AE5B28D04F7F7EA36AD85457 /* Pods-Demo.debug.xcconfig */,
				0E491EB1524B8B9B67642126 /* Pods-Demo.release.xcconfig */,
			);
			name = Pods;
			sourceTree = "<group>";
		};
		EB1C4024217865510068959E /* AMInputView */ = {
			isa = PBXGroup;
			children = (
				EB1C4025217865510068959E /* AMInputView.swift */,
				EB1C4026217865510068959E /* AMInputView.xib */,
			);
			path = AMInputView;
			sourceTree = "<group>";
		};
		EB1C402D21786B120068959E /* Supporting Files */ = {
			isa = PBXGroup;
			children = (
				EB1C4009217758B90068959E /* CHLocalizable.strings */,
				EB1C4006217758B90068959E /* Channelize-Info-demo.plist */,
				EB1C400B217758BA0068959E /* Channelize-Info.plist */,
			);
			path = "Supporting Files";
			sourceTree = "<group>";
		};
		EBAF34232177486A00C6F3B9 = {
			isa = PBXGroup;
			children = (
				18CFDC5821F3010900A0C859 /* Channelize_API.framework */,
				1863C7DE21E8A3B5001CD603 /* Channelize.framework */,
				EBAF342E2177486A00C6F3B9 /* Demo */,
				EBAF342D2177486A00C6F3B9 /* Products */,
				BB5694D8D89353ABE4A0C40A /* Pods */,
				F31524581072FC05A8EE8467 /* Frameworks */,
			);
			sourceTree = "<group>";
		};
		EBAF342D2177486A00C6F3B9 /* Products */ = {
			isa = PBXGroup;
			children = (
				EBAF342C2177486A00C6F3B9 /* Demo.app */,
			);
			name = Products;
			sourceTree = "<group>";
		};
		EBAF342E2177486A00C6F3B9 /* Demo */ = {
			isa = PBXGroup;
			children = (
				EB1C402E21787F550068959E /* Demo.entitlements */,
				EBAF342F2177486A00C6F3B9 /* AppDelegate.swift */,
				EB1C4029217868DC0068959E /* ViewController.swift */,
				EB1C4008217758B90068959E /* AppStyle.swift */,
				EB1C4024217865510068959E /* AMInputView */,
				EBAF34382177487600C6F3B9 /* LaunchScreen.storyboard */,
				EB1C4012217830D00068959E /* Main.storyboard */,
				EB1C402B2178691C0068959E /* Images.xcassets */,
				EBAF34362177487600C6F3B9 /* Assets.xcassets */,
				EB1C402D21786B120068959E /* Supporting Files */,
				EBAF343B2177487600C6F3B9 /* Info.plist */,
				181882FE221D90140010E840 /* CustomUI.swift */,
			);
			path = Demo;
			sourceTree = "<group>";
		};
		F31524581072FC05A8EE8467 /* Frameworks */ = {
			isa = PBXGroup;
			children = (
				BB03E9541AC2D7B9792B9611 /* Pods_Demo.framework */,
			);
			name = Frameworks;
			sourceTree = "<group>";
		};
/* End PBXGroup section */

/* Begin PBXNativeTarget section */
		EBAF342B2177486A00C6F3B9 /* Demo */ = {
			isa = PBXNativeTarget;
			buildConfigurationList = EBAF343E2177487600C6F3B9 /* Build configuration list for PBXNativeTarget "Demo" */;
			buildPhases = (
				DA95ABEF7BC9ABA53210F553 /* [CP] Check Pods Manifest.lock */,
				EBAF34282177486A00C6F3B9 /* Sources */,
				EBAF34292177486A00C6F3B9 /* Frameworks */,
				EBAF342A2177486A00C6F3B9 /* Resources */,
				80031935753B1FF4C738F38F /* [CP] Embed Pods Frameworks */,
				1863C7E121E8A3B5001CD603 /* Embed Frameworks */,
			);
			buildRules = (
			);
			dependencies = (
			);
			name = Demo;
			productName = Demo;
			productReference = EBAF342C2177486A00C6F3B9 /* Demo.app */;
			productType = "com.apple.product-type.application";
		};
/* End PBXNativeTarget section */

/* Begin PBXProject section */
		EBAF34242177486A00C6F3B9 /* Project object */ = {
			isa = PBXProject;
			attributes = {
				LastSwiftUpdateCheck = 0940;
				LastUpgradeCheck = 0940;
				ORGANIZATIONNAME = bigstep;
				TargetAttributes = {
					EBAF342B2177486A00C6F3B9 = {
						CreatedOnToolsVersion = 9.4.1;
						SystemCapabilities = {
							com.apple.BackgroundModes = {
								enabled = 0;
							};
							com.apple.Push = {
								enabled = 1;
							};
						};
					};
				};
			};
			buildConfigurationList = EBAF34272177486A00C6F3B9 /* Build configuration list for PBXProject "Demo" */;
			compatibilityVersion = "Xcode 9.3";
			developmentRegion = en;
			hasScannedForEncodings = 0;
			knownRegions = (
				en,
				Base,
			);
			mainGroup = EBAF34232177486A00C6F3B9;
			productRefGroup = EBAF342D2177486A00C6F3B9 /* Products */;
			projectDirPath = "";
			projectRoot = "";
			targets = (
				EBAF342B2177486A00C6F3B9 /* Demo */,
			);
		};
/* End PBXProject section */

/* Begin PBXResourcesBuildPhase section */
		EBAF342A2177486A00C6F3B9 /* Resources */ = {
			isa = PBXResourcesBuildPhase;
			buildActionMask = 2147483647;
			files = (
				EBAF343A2177487600C6F3B9 /* LaunchScreen.storyboard in Resources */,
				EB1C402C2178691C0068959E /* Images.xcassets in Resources */,
				EB1C4011217758BA0068959E /* Channelize-Info.plist in Resources */,
				EB1C400C217758BA0068959E /* Channelize-Info-demo.plist in Resources */,
				EB1C4013217830D00068959E /* Main.storyboard in Resources */,
				EBAF34372177487600C6F3B9 /* Assets.xcassets in Resources */,
				EB1C400F217758BA0068959E /* CHLocalizable.strings in Resources */,
				EB1C4028217865510068959E /* AMInputView.xib in Resources */,
			);
			runOnlyForDeploymentPostprocessing = 0;
		};
/* End PBXResourcesBuildPhase section */

/* Begin PBXShellScriptBuildPhase section */
		80031935753B1FF4C738F38F /* [CP] Embed Pods Frameworks */ = {
			isa = PBXShellScriptBuildPhase;
			buildActionMask = 2147483647;
			files = (
			);
			inputPaths = (
				"${SRCROOT}/../Pods/Target Support Files/Pods-Demo/Pods-Demo-frameworks.sh",
				"${BUILT_PRODUCTS_DIR}/AWSAuthCore/AWSAuthCore.framework",
				"${BUILT_PRODUCTS_DIR}/AWSCognitoIdentityProvider/AWSCognitoIdentityProvider.framework",
				"${BUILT_PRODUCTS_DIR}/AWSCognitoIdentityProviderASF/AWSCognitoIdentityProviderASF.framework",
				"${BUILT_PRODUCTS_DIR}/AWSCore/AWSCore.framework",
				"${BUILT_PRODUCTS_DIR}/AWSIoT/AWSIoT.framework",
				"${BUILT_PRODUCTS_DIR}/AWSMobileClient/AWSMobileClient.framework",
				"${BUILT_PRODUCTS_DIR}/Alamofire/Alamofire.framework",
				"${BUILT_PRODUCTS_DIR}/AlamofireObjectMapper/AlamofireObjectMapper.framework",
				"${BUILT_PRODUCTS_DIR}/ObjectMapper/ObjectMapper.framework",
				"${BUILT_PRODUCTS_DIR}/CWStatusBarNotification/CWStatusBarNotification.framework",
				"${BUILT_PRODUCTS_DIR}/Cache/Cache.framework",
				"${BUILT_PRODUCTS_DIR}/Chatto/Chatto.framework",
				"${BUILT_PRODUCTS_DIR}/ChattoAdditions/ChattoAdditions.framework",
				"${BUILT_PRODUCTS_DIR}/FLAnimatedImage/FLAnimatedImage.framework",
				"${BUILT_PRODUCTS_DIR}/Gallery/Gallery.framework",
				"${BUILT_PRODUCTS_DIR}/GiphyCoreSDK/GiphyCoreSDK.framework",
				"${BUILT_PRODUCTS_DIR}/Imaginary/Imaginary.framework",
				"${BUILT_PRODUCTS_DIR}/InputBarAccessoryView/InputBarAccessoryView.framework",
				"${BUILT_PRODUCTS_DIR}/Lightbox/Lightbox.framework",
				"${BUILT_PRODUCTS_DIR}/SDWebImage/SDWebImage.framework",
				"${BUILT_PRODUCTS_DIR}/SwiftIconFont/SwiftIconFont.framework",
				"${BUILT_PRODUCTS_DIR}/ZVActivityIndicatorView/ZVActivityIndicatorView.framework",
				"${BUILT_PRODUCTS_DIR}/ZVProgressHUD/ZVProgressHUD.framework",
			);
			name = "[CP] Embed Pods Frameworks";
			outputPaths = (
				"${TARGET_BUILD_DIR}/${FRAMEWORKS_FOLDER_PATH}/AWSAuthCore.framework",
				"${TARGET_BUILD_DIR}/${FRAMEWORKS_FOLDER_PATH}/AWSCognitoIdentityProvider.framework",
				"${TARGET_BUILD_DIR}/${FRAMEWORKS_FOLDER_PATH}/AWSCognitoIdentityProviderASF.framework",
				"${TARGET_BUILD_DIR}/${FRAMEWORKS_FOLDER_PATH}/AWSCore.framework",
				"${TARGET_BUILD_DIR}/${FRAMEWORKS_FOLDER_PATH}/AWSIoT.framework",
				"${TARGET_BUILD_DIR}/${FRAMEWORKS_FOLDER_PATH}/AWSMobileClient.framework",
				"${TARGET_BUILD_DIR}/${FRAMEWORKS_FOLDER_PATH}/Alamofire.framework",
				"${TARGET_BUILD_DIR}/${FRAMEWORKS_FOLDER_PATH}/AlamofireObjectMapper.framework",
				"${TARGET_BUILD_DIR}/${FRAMEWORKS_FOLDER_PATH}/ObjectMapper.framework",
				"${TARGET_BUILD_DIR}/${FRAMEWORKS_FOLDER_PATH}/CWStatusBarNotification.framework",
				"${TARGET_BUILD_DIR}/${FRAMEWORKS_FOLDER_PATH}/Cache.framework",
				"${TARGET_BUILD_DIR}/${FRAMEWORKS_FOLDER_PATH}/Chatto.framework",
				"${TARGET_BUILD_DIR}/${FRAMEWORKS_FOLDER_PATH}/ChattoAdditions.framework",
				"${TARGET_BUILD_DIR}/${FRAMEWORKS_FOLDER_PATH}/FLAnimatedImage.framework",
				"${TARGET_BUILD_DIR}/${FRAMEWORKS_FOLDER_PATH}/Gallery.framework",
				"${TARGET_BUILD_DIR}/${FRAMEWORKS_FOLDER_PATH}/GiphyCoreSDK.framework",
				"${TARGET_BUILD_DIR}/${FRAMEWORKS_FOLDER_PATH}/Imaginary.framework",
				"${TARGET_BUILD_DIR}/${FRAMEWORKS_FOLDER_PATH}/InputBarAccessoryView.framework",
				"${TARGET_BUILD_DIR}/${FRAMEWORKS_FOLDER_PATH}/Lightbox.framework",
				"${TARGET_BUILD_DIR}/${FRAMEWORKS_FOLDER_PATH}/SDWebImage.framework",
				"${TARGET_BUILD_DIR}/${FRAMEWORKS_FOLDER_PATH}/SwiftIconFont.framework",
				"${TARGET_BUILD_DIR}/${FRAMEWORKS_FOLDER_PATH}/ZVActivityIndicatorView.framework",
				"${TARGET_BUILD_DIR}/${FRAMEWORKS_FOLDER_PATH}/ZVProgressHUD.framework",
			);
			runOnlyForDeploymentPostprocessing = 0;
			shellPath = /bin/sh;
			shellScript = "\"${SRCROOT}/../Pods/Target Support Files/Pods-Demo/Pods-Demo-frameworks.sh\"\n";
			showEnvVarsInLog = 0;
		};
		DA95ABEF7BC9ABA53210F553 /* [CP] Check Pods Manifest.lock */ = {
			isa = PBXShellScriptBuildPhase;
			buildActionMask = 2147483647;
			files = (
			);
			inputPaths = (
				"${PODS_PODFILE_DIR_PATH}/Podfile.lock",
				"${PODS_ROOT}/Manifest.lock",
			);
			name = "[CP] Check Pods Manifest.lock";
			outputPaths = (
				"$(DERIVED_FILE_DIR)/Pods-Demo-checkManifestLockResult.txt",
			);
			runOnlyForDeploymentPostprocessing = 0;
			shellPath = /bin/sh;
			shellScript = "diff \"${PODS_PODFILE_DIR_PATH}/Podfile.lock\" \"${PODS_ROOT}/Manifest.lock\" > /dev/null\nif [ $? != 0 ] ; then\n    # print error to STDERR\n    echo \"error: The sandbox is not in sync with the Podfile.lock. Run 'pod install' or update your CocoaPods installation.\" >&2\n    exit 1\nfi\n# This output is used by Xcode 'outputs' to avoid re-running this script phase.\necho \"SUCCESS\" > \"${SCRIPT_OUTPUT_FILE_0}\"\n";
			showEnvVarsInLog = 0;
		};
/* End PBXShellScriptBuildPhase section */

/* Begin PBXSourcesBuildPhase section */
		EBAF34282177486A00C6F3B9 /* Sources */ = {
			isa = PBXSourcesBuildPhase;
			buildActionMask = 2147483647;
			files = (
				EB1C402A217868DC0068959E /* ViewController.swift in Sources */,
				EB1C400E217758BA0068959E /* AppStyle.swift in Sources */,
				181882FF221D90140010E840 /* CustomUI.swift in Sources */,
				EBAF34302177486A00C6F3B9 /* AppDelegate.swift in Sources */,
				EB1C4027217865510068959E /* AMInputView.swift in Sources */,
			);
			runOnlyForDeploymentPostprocessing = 0;
		};
/* End PBXSourcesBuildPhase section */

/* Begin PBXVariantGroup section */
		EBAF34382177487600C6F3B9 /* LaunchScreen.storyboard */ = {
			isa = PBXVariantGroup;
			children = (
				EBAF34392177487600C6F3B9 /* Base */,
			);
			name = LaunchScreen.storyboard;
			sourceTree = "<group>";
		};
/* End PBXVariantGroup section */

/* Begin XCBuildConfiguration section */
		EBAF343C2177487600C6F3B9 /* Debug */ = {
			isa = XCBuildConfiguration;
			buildSettings = {
				ALWAYS_SEARCH_USER_PATHS = NO;
				CLANG_ANALYZER_NONNULL = YES;
				CLANG_ANALYZER_NUMBER_OBJECT_CONVERSION = YES_AGGRESSIVE;
				CLANG_CXX_LANGUAGE_STANDARD = "gnu++14";
				CLANG_CXX_LIBRARY = "libc++";
				CLANG_ENABLE_MODULES = YES;
				CLANG_ENABLE_OBJC_ARC = YES;
				CLANG_ENABLE_OBJC_WEAK = YES;
				CLANG_WARN_BLOCK_CAPTURE_AUTORELEASING = YES;
				CLANG_WARN_BOOL_CONVERSION = YES;
				CLANG_WARN_COMMA = YES;
				CLANG_WARN_CONSTANT_CONVERSION = YES;
				CLANG_WARN_DEPRECATED_OBJC_IMPLEMENTATIONS = YES;
				CLANG_WARN_DIRECT_OBJC_ISA_USAGE = YES_ERROR;
				CLANG_WARN_DOCUMENTATION_COMMENTS = YES;
				CLANG_WARN_EMPTY_BODY = YES;
				CLANG_WARN_ENUM_CONVERSION = YES;
				CLANG_WARN_INFINITE_RECURSION = YES;
				CLANG_WARN_INT_CONVERSION = YES;
				CLANG_WARN_NON_LITERAL_NULL_CONVERSION = YES;
				CLANG_WARN_OBJC_IMPLICIT_RETAIN_SELF = YES;
				CLANG_WARN_OBJC_LITERAL_CONVERSION = YES;
				CLANG_WARN_OBJC_ROOT_CLASS = YES_ERROR;
				CLANG_WARN_RANGE_LOOP_ANALYSIS = YES;
				CLANG_WARN_STRICT_PROTOTYPES = YES;
				CLANG_WARN_SUSPICIOUS_MOVE = YES;
				CLANG_WARN_UNGUARDED_AVAILABILITY = YES_AGGRESSIVE;
				CLANG_WARN_UNREACHABLE_CODE = YES;
				CLANG_WARN__DUPLICATE_METHOD_MATCH = YES;
				CODE_SIGN_IDENTITY = "iPhone Developer";
				COPY_PHASE_STRIP = NO;
				DEBUG_INFORMATION_FORMAT = dwarf;
				ENABLE_STRICT_OBJC_MSGSEND = YES;
				ENABLE_TESTABILITY = YES;
				GCC_C_LANGUAGE_STANDARD = gnu11;
				GCC_DYNAMIC_NO_PIC = NO;
				GCC_NO_COMMON_BLOCKS = YES;
				GCC_OPTIMIZATION_LEVEL = 0;
				GCC_PREPROCESSOR_DEFINITIONS = (
					"DEBUG=1",
					"$(inherited)",
				);
				GCC_WARN_64_TO_32_BIT_CONVERSION = YES;
				GCC_WARN_ABOUT_RETURN_TYPE = YES_ERROR;
				GCC_WARN_UNDECLARED_SELECTOR = YES;
				GCC_WARN_UNINITIALIZED_AUTOS = YES_AGGRESSIVE;
				GCC_WARN_UNUSED_FUNCTION = YES;
				GCC_WARN_UNUSED_VARIABLE = YES;
				IPHONEOS_DEPLOYMENT_TARGET = 11.0;
				MTL_ENABLE_DEBUG_INFO = YES;
				ONLY_ACTIVE_ARCH = YES;
				SDKROOT = iphoneos;
				SWIFT_ACTIVE_COMPILATION_CONDITIONS = DEBUG;
				SWIFT_OPTIMIZATION_LEVEL = "-Onone";
			};
			name = Debug;
		};
		EBAF343D2177487600C6F3B9 /* Release */ = {
			isa = XCBuildConfiguration;
			buildSettings = {
				ALWAYS_SEARCH_USER_PATHS = NO;
				CLANG_ANALYZER_NONNULL = YES;
				CLANG_ANALYZER_NUMBER_OBJECT_CONVERSION = YES_AGGRESSIVE;
				CLANG_CXX_LANGUAGE_STANDARD = "gnu++14";
				CLANG_CXX_LIBRARY = "libc++";
				CLANG_ENABLE_MODULES = YES;
				CLANG_ENABLE_OBJC_ARC = YES;
				CLANG_ENABLE_OBJC_WEAK = YES;
				CLANG_WARN_BLOCK_CAPTURE_AUTORELEASING = YES;
				CLANG_WARN_BOOL_CONVERSION = YES;
				CLANG_WARN_COMMA = YES;
				CLANG_WARN_CONSTANT_CONVERSION = YES;
				CLANG_WARN_DEPRECATED_OBJC_IMPLEMENTATIONS = YES;
				CLANG_WARN_DIRECT_OBJC_ISA_USAGE = YES_ERROR;
				CLANG_WARN_DOCUMENTATION_COMMENTS = YES;
				CLANG_WARN_EMPTY_BODY = YES;
				CLANG_WARN_ENUM_CONVERSION = YES;
				CLANG_WARN_INFINITE_RECURSION = YES;
				CLANG_WARN_INT_CONVERSION = YES;
				CLANG_WARN_NON_LITERAL_NULL_CONVERSION = YES;
				CLANG_WARN_OBJC_IMPLICIT_RETAIN_SELF = YES;
				CLANG_WARN_OBJC_LITERAL_CONVERSION = YES;
				CLANG_WARN_OBJC_ROOT_CLASS = YES_ERROR;
				CLANG_WARN_RANGE_LOOP_ANALYSIS = YES;
				CLANG_WARN_STRICT_PROTOTYPES = YES;
				CLANG_WARN_SUSPICIOUS_MOVE = YES;
				CLANG_WARN_UNGUARDED_AVAILABILITY = YES_AGGRESSIVE;
				CLANG_WARN_UNREACHABLE_CODE = YES;
				CLANG_WARN__DUPLICATE_METHOD_MATCH = YES;
				CODE_SIGN_IDENTITY = "iPhone Developer";
				COPY_PHASE_STRIP = NO;
				DEBUG_INFORMATION_FORMAT = "dwarf-with-dsym";
				ENABLE_NS_ASSERTIONS = NO;
				ENABLE_STRICT_OBJC_MSGSEND = YES;
				GCC_C_LANGUAGE_STANDARD = gnu11;
				GCC_NO_COMMON_BLOCKS = YES;
				GCC_WARN_64_TO_32_BIT_CONVERSION = YES;
				GCC_WARN_ABOUT_RETURN_TYPE = YES_ERROR;
				GCC_WARN_UNDECLARED_SELECTOR = YES;
				GCC_WARN_UNINITIALIZED_AUTOS = YES_AGGRESSIVE;
				GCC_WARN_UNUSED_FUNCTION = YES;
				GCC_WARN_UNUSED_VARIABLE = YES;
				IPHONEOS_DEPLOYMENT_TARGET = 11.0;
				MTL_ENABLE_DEBUG_INFO = NO;
				SDKROOT = iphoneos;
				SWIFT_COMPILATION_MODE = wholemodule;
				SWIFT_OPTIMIZATION_LEVEL = "-O";
				VALIDATE_PRODUCT = YES;
			};
			name = Release;
		};
		EBAF343F2177487600C6F3B9 /* Debug */ = {
			isa = XCBuildConfiguration;
			baseConfigurationReference = AE5B28D04F7F7EA36AD85457 /* Pods-Demo.debug.xcconfig */;
			buildSettings = {
				ASSETCATALOG_COMPILER_APPICON_NAME = AppIcon;
				ASSETCATALOG_COMPILER_LAUNCHIMAGE_NAME = LaunchImage;
				CODE_SIGN_ENTITLEMENTS = Demo/Demo.entitlements;
				CODE_SIGN_STYLE = Manual;
				DEVELOPMENT_TEAM = W84Y3AR95Z;
				INFOPLIST_FILE = Demo/Info.plist;
				IPHONEOS_DEPLOYMENT_TARGET = 9.0;
				LD_RUNPATH_SEARCH_PATHS = (
					"$(inherited)",
					"@executable_path/Frameworks",
				);
				PRODUCT_BUNDLE_IDENTIFIER = com.channelize.demo;
				PRODUCT_NAME = "$(TARGET_NAME)";
				PROVISIONING_PROFILE = "09db3bbe-678f-4448-b826-22247d86495c";
				PROVISIONING_PROFILE_SPECIFIER = "Channelize Demo";
				SWIFT_VERSION = 4.2;
				TARGETED_DEVICE_FAMILY = "1,2";
			};
			name = Debug;
		};
		EBAF34402177487600C6F3B9 /* Release */ = {
			isa = XCBuildConfiguration;
			baseConfigurationReference = 0E491EB1524B8B9B67642126 /* Pods-Demo.release.xcconfig */;
			buildSettings = {
				ASSETCATALOG_COMPILER_APPICON_NAME = AppIcon;
				ASSETCATALOG_COMPILER_LAUNCHIMAGE_NAME = LaunchImage;
				CODE_SIGN_ENTITLEMENTS = Demo/Demo.entitlements;
				CODE_SIGN_STYLE = Manual;
				DEVELOPMENT_TEAM = W84Y3AR95Z;
				INFOPLIST_FILE = Demo/Info.plist;
				IPHONEOS_DEPLOYMENT_TARGET = 9.0;
				LD_RUNPATH_SEARCH_PATHS = (
					"$(inherited)",
					"@executable_path/Frameworks",
				);
				PRODUCT_BUNDLE_IDENTIFIER = com.channelize.demo;
				PRODUCT_NAME = "$(TARGET_NAME)";
				PROVISIONING_PROFILE = "731bf033-d5e6-454a-971b-d9306244ef82";
				PROVISIONING_PROFILE_SPECIFIER = "Channelize Demo";
				SWIFT_VERSION = 4.2;
				TARGETED_DEVICE_FAMILY = "1,2";
			};
			name = Release;
		};
/* End XCBuildConfiguration section */

/* Begin XCConfigurationList section */
		EBAF34272177486A00C6F3B9 /* Build configuration list for PBXProject "Demo" */ = {
			isa = XCConfigurationList;
			buildConfigurations = (
				EBAF343C2177487600C6F3B9 /* Debug */,
				EBAF343D2177487600C6F3B9 /* Release */,
			);
			defaultConfigurationIsVisible = 0;
			defaultConfigurationName = Release;
		};
		EBAF343E2177487600C6F3B9 /* Build configuration list for PBXNativeTarget "Demo" */ = {
			isa = XCConfigurationList;
			buildConfigurations = (
				EBAF343F2177487600C6F3B9 /* Debug */,
				EBAF34402177487600C6F3B9 /* Release */,
			);
			defaultConfigurationIsVisible = 0;
			defaultConfigurationName = Release;
		};
/* End XCConfigurationList section */
	};
	rootObject = EBAF34242177486A00C6F3B9 /* Project object */;
}
